
Microsoft Visual Studio Solution File, Format Version 12.00
# Visual Studio 15
VisualStudioVersion = 15.0.27428.2037
MinimumVisualStudioVersion = 10.0.40219.1
Project("{FAE04EC0-301F-11D3-BF4B-00C04F79EFBC}") = "Invoice", "invoice\Invoice.csproj", "{BF17240B-5A87-4CB2-B7B5-EB5769FD8CE2}"
EndProject
Project("{9A19103F-16F7-4668-BE54-9A1E7A4F7556}") = "Invoice.API", "Invoice.API\Invoice.API.csproj", "{65460A9C-9B12-476A-A515-C5C65BB83A77}"
EndProject
Project("{FAE04EC0-301F-11D3-BF4B-00C04F79EFBC}") = "Models", "Models\Models.csproj", "{319EEC6D-07A7-4241-829D-E7A45B2F1464}"
EndProject
Global
	GlobalSection(SolutionConfigurationPlatforms) = preSolution
		Debug|Any CPU = Debug|Any CPU
		Release|Any CPU = Release|Any CPU
	EndGlobalSection
	GlobalSection(ProjectConfigurationPlatforms) = postSolution
		{BF17240B-5A87-4CB2-B7B5-EB5769FD8CE2}.Debug|Any CPU.ActiveCfg = Debug|Any CPU
		{BF17240B-5A87-4CB2-B7B5-EB5769FD8CE2}.Debug|Any CPU.Build.0 = Debug|Any CPU
		{BF17240B-5A87-4CB2-B7B5-EB5769FD8CE2}.Debug|Any CPU.Deploy.0 = Debug|Any CPU
		{BF17240B-5A87-4CB2-B7B5-EB5769FD8CE2}.Release|Any CPU.ActiveCfg = Release|Any CPU
		{BF17240B-5A87-4CB2-B7B5-EB5769FD8CE2}.Release|Any CPU.Build.0 = Release|Any CPU
		{BF17240B-5A87-4CB2-B7B5-EB5769FD8CE2}.Release|Any CPU.Deploy.0 = Release|Any CPU
		{65460A9C-9B12-476A-A515-C5C65BB83A77}.Debug|Any CPU.ActiveCfg = Debug|Any CPU
		{65460A9C-9B12-476A-A515-C5C65BB83A77}.Debug|Any CPU.Build.0 = Debug|Any CPU
		{65460A9C-9B12-476A-A515-C5C65BB83A77}.Release|Any CPU.ActiveCfg = Release|Any CPU
		{65460A9C-9B12-476A-A515-C5C65BB83A77}.Release|Any CPU.Build.0 = Release|Any CPU
		{319EEC6D-07A7-4241-829D-E7A45B2F1464}.Debug|Any CPU.ActiveCfg = Debug|Any CPU
		{319EEC6D-07A7-4241-829D-E7A45B2F1464}.Debug|Any CPU.Build.0 = Debug|Any CPU
		{319EEC6D-07A7-4241-829D-E7A45B2F1464}.Release|Any CPU.ActiveCfg = Release|Any CPU
		{319EEC6D-07A7-4241-829D-E7A45B2F1464}.Release|Any CPU.Build.0 = Release|Any CPU
	EndGlobalSection
	GlobalSection(SolutionProperties) = preSolution
		HideSolutionNode = FALSE
	EndGlobalSection
	GlobalSection(ExtensibilityGlobals) = postSolution
		SolutionGuid = {D49302BA-54DB-40F9-B6AA-E9DB31A35F47}
	EndGlobalSection
EndGlobal
